
Microsoft Visual Studio Solution File, Format Version 12.00
# Visual Studio Version 16
VisualStudioVersion = 16.0.30320.27
MinimumVisualStudioVersion = 10.0.40219.1
Project("{FAE04EC0-301F-11D3-BF4B-00C04F79EFBC}") = "WpfDemo.HiddenAndShowPanel", "WpfDemo.HiddenAndShowPanel\WpfDemo.HiddenAndShowPanel.csproj", "{D904FCE5-D961-4CEB-A40A-40139C71B3A6}"
EndProject
Global
	GlobalSection(SolutionConfigurationPlatforms) = preSolution
		Debug|Any CPU = Debug|Any CPU
		Release|Any CPU = Release|Any CPU
	EndGlobalSection
	GlobalSection(ProjectConfigurationPlatforms) = postSolution
		{D904FCE5-D961-4CEB-A40A-40139C71B3A6}.Debug|Any CPU.ActiveCfg = Debug|Any CPU
		{D904FCE5-D961-4CEB-A40A-40139C71B3A6}.Debug|Any CPU.Build.0 = Debug|Any CPU
		{D904FCE5-D961-4CEB-A40A-40139C71B3A6}.Release|Any CPU.ActiveCfg = Release|Any CPU
		{D904FCE5-D961-4CEB-A40A-40139C71B3A6}.Release|Any CPU.Build.0 = Release|Any CPU
	EndGlobalSection
	GlobalSection(SolutionProperties) = preSolution
		HideSolutionNode = FALSE
	EndGlobalSection
	GlobalSection(ExtensibilityGlobals) = postSolution
		SolutionGuid = {6F3563D0-0BB5-4FD3-A209-180A49154D2C}
	EndGlobalSection
EndGlobal
